<?xml version="1.0" encoding="utf-8"?>
<Project ToolsVersion="4.0" xmlns="http://schemas.microsoft.com/developer/msbuild/2003">
  <ItemGroup>
    <Filter Include="Source Files">
      <UniqueIdentifier>{4FC737F1-C7A5-4376-A066-2A32D752A2FF}</UniqueIdentifier>
      <Extensions>cpp;c;cc;cxx;def;odl;idl;hpj;bat;asm;asmx</Extensions>
    </Filter>
    <Filter Include="Header Files">
      <UniqueIdentifier>{93995380-89BD-4b04-88EB-625FBE52EBFB}</UniqueIdentifier>
      <Extensions>h;hh;hpp;hxx;hm;inl;inc;xsd</Extensions>
    </Filter>
    <Filter Include="Shaders">
      <UniqueIdentifier>{bd99d47f-3a11-41d0-82a4-f0b8dd21a760}</UniqueIdentifier>
    </Filter>
    <Filter Include="Header Files\Objects">
      <UniqueIdentifier>{aafe5f26-74e2-4bf8-b9a7-174b8b954d4f}</UniqueIdentifier>
    </Filter>
    <Filter Include="Header Files\Examples">
      <UniqueIdentifier>{0b044928-a0be-4029-b9b8-420cf5cc34d9}</UniqueIdentifier>
    </Filter>
    <Filter Include="Source Files\Examples">
      <UniqueIdentifier>{937e98d4-13e3-42dd-84e3-22a6495b9cf2}</UniqueIdentifier>
    </Filter>
    <Filter Include="Header Files\TextureSamplers">
      <UniqueIdentifier>{15d15866-315c-45c7-94dc-4636352d1b82}</UniqueIdentifier>
    </Filter>
  </ItemGroup>
  <ItemGroup>
    <ClCompile Include="src\main.cpp">
      <Filter>Source Files</Filter>
    </ClCompile>
    <ClCompile Include="src\Mouse.cpp">
      <Filter>Source Files</Filter>
    </ClCompile>
    <ClCompile Include="src\Example.cpp">
      <Filter>Source Files\Examples</Filter>
    </ClCompile>
    <ClCompile Include="src\PhongShadingExample.cpp">
      <Filter>Source Files\Examples</Filter>
    </ClCompile>
    <ClCompile Include="src\TexturingExample.cpp">
      <Filter>Source Files\Examples</Filter>
    </ClCompile>
    <ClCompile Include="src\DDSTextureLoader.cpp">
      <Filter>Source Files</Filter>
    </ClCompile>
    <ClCompile Include="src\ShadowsExample.cpp">
      <Filter>Source Files\Examples</Filter>
    </ClCompile>
    <ClCompile Include="src\Layouts.cpp">
      <Filter>Source Files</Filter>
    </ClCompile>
    <ClCompile Include="src\GeometryShaderExample.cpp">
      <Filter>Source Files\Examples</Filter>
    </ClCompile>
    <ClCompile Include="src\BillboardExample.cpp">
      <Filter>Source Files\Examples</Filter>
    </ClCompile>
    <ClCompile Include="src\BaseExample.cpp">
      <Filter>Source Files\Examples</Filter>
    </ClCompile>
    <ClCompile Include="src\BasicTriangleExample.cpp">
      <Filter>Source Files\Examples</Filter>
    </ClCompile>
    <ClCompile Include="src\SpecularMapExample.cpp">
      <Filter>Source Files\Examples</Filter>
    </ClCompile>
  </ItemGroup>
  <ItemGroup>
    <ClInclude Include="src\Camera.h">
      <Filter>Header Files</Filter>
    </ClInclude>
    <ClInclude Include="src\Mouse.h">
      <Filter>Header Files</Filter>
    </ClInclude>
    <ClInclude Include="src\pch.h">
      <Filter>Header Files</Filter>
    </ClInclude>
    <ClInclude Include="src\PlatformHelpers.h">
      <Filter>Header Files</Filter>
    </ClInclude>
    <ClInclude Include="src\ShaderProgram.h">
      <Filter>Header Files</Filter>
    </ClInclude>
    <ClInclude Include="src\ContextWrapper.h">
      <Filter>Header Files</Filter>
    </ClInclude>
    <ClInclude Include="src\Util.h">
      <Filter>Header Files</Filter>
    </ClInclude>
    <ClInclude Include="src\PhongLights.h">
      <Filter>Header Files</Filter>
    </ClInclude>
    <ClInclude Include="src\Example.h">
      <Filter>Header Files\Examples</Filter>
    </ClInclude>
    <ClInclude Include="src\PhongShadingExample.h">
      <Filter>Header Files\Examples</Filter>
    </ClInclude>
    <ClInclude Include="src\TexturingExample.h">
      <Filter>Header Files\Examples</Filter>
    </ClInclude>
    <ClInclude Include="src\ColorCube.h">
      <Filter>Header Files\Objects</Filter>
    </ClInclude>
    <ClInclude Include="src\TexturedCube.h">
      <Filter>Header Files\Objects</Filter>
    </ClInclude>
    <ClInclude Include="src\DDSTextureLoader.h">
      <Filter>Header Files</Filter>
    </ClInclude>
    <ClInclude Include="src\ShadowsExample.h">
      <Filter>Header Files\Examples</Filter>
    </ClInclude>
    <ClInclude Include="src\TextureSampler.h">
      <Filter>Header Files\TextureSamplers</Filter>
    </ClInclude>
    <ClInclude Include="src\ShadowSampler.h">
      <Filter>Header Files\TextureSamplers</Filter>
    </ClInclude>
    <ClInclude Include="src\LinearSampler.h">
      <Filter>Header Files\TextureSamplers</Filter>
    </ClInclude>
    <ClInclude Include="src\Layouts.h">
      <Filter>Header Files</Filter>
    </ClInclude>
    <ClInclude Include="src\Texture.h">
      <Filter>Header Files</Filter>
    </ClInclude>
    <ClInclude Include="src\Transform.h">
      <Filter>Header Files\Objects</Filter>
    </ClInclude>
    <ClInclude Include="src\AnisotropicSampler.h">
      <Filter>Header Files\TextureSamplers</Filter>
    </ClInclude>
    <ClInclude Include="src\GeometryShaderExample.h">
      <Filter>Header Files\Examples</Filter>
    </ClInclude>
    <ClInclude Include="src\BillboardExample.h">
      <Filter>Header Files\Examples</Filter>
    </ClInclude>
    <ClInclude Include="src\Plane.h">
      <Filter>Header Files\Objects</Filter>
    </ClInclude>
    <ClInclude Include="src\VertexTypes.h">
      <Filter>Header Files\Objects</Filter>
    </ClInclude>
    <ClInclude Include="src\DrawableObject.h">
      <Filter>Header Files\Objects</Filter>
    </ClInclude>
    <ClInclude Include="src\BaseExample.h">
      <Filter>Header Files\Examples</Filter>
    </ClInclude>
    <ClInclude Include="src\BasicTriangleExample.h">
      <Filter>Header Files\Examples</Filter>
    </ClInclude>
    <ClInclude Include="src\Triangle.h">
      <Filter>Header Files\Objects</Filter>
    </ClInclude>
    <ClInclude Include="src\SpecularMapExample.h">
      <Filter>Header Files\Examples</Filter>
    </ClInclude>
    <ClInclude Include="src\ConstantBuffers.h">
      <Filter>Header Files</Filter>
    </ClInclude>
  </ItemGroup>
  <ItemGroup>
    <FxCompile Include="shaders\Phong.fx">
      <Filter>Shaders</Filter>
    </FxCompile>
    <FxCompile Include="shaders\Solid.fx">
      <Filter>Shaders</Filter>
    </FxCompile>
    <FxCompile Include="shaders\PhongLights.fx">
      <Filter>Shaders</Filter>
    </FxCompile>
    <FxCompile Include="shaders\Textured.fx">
      <Filter>Shaders</Filter>
    </FxCompile>
    <FxCompile Include="shaders\Shadows.fx">
      <Filter>Shaders</Filter>
    </FxCompile>
    <FxCompile Include="shaders\PhongShadows.fx">
      <Filter>Shaders</Filter>
    </FxCompile>
    <FxCompile Include="shaders\UnlitGeom.fx">
      <Filter>Shaders</Filter>
    </FxCompile>
    <FxCompile Include="shaders\ExplodeGeomShader.fx">
      <Filter>Shaders</Filter>
    </FxCompile>
    <FxCompile Include="shaders\NormalGeomShader.fx">
      <Filter>Shaders</Filter>
    </FxCompile>
    <FxCompile Include="shaders\Billboard.fx">
      <Filter>Shaders</Filter>
    </FxCompile>
    <FxCompile Include="shaders\BasicTriangle.fx">
      <Filter>Shaders</Filter>
    </FxCompile>
    <FxCompile Include="shaders\Specular.fx">
      <Filter>Shaders</Filter>
    </FxCompile>
  </ItemGroup>
</Project>